<Solution>
  <Project Path="src/Messaging.Server/Messaging.Server.csproj" />
  <Folder Name="/src/" />
  <Folder Name="/src/">
    <Project Path="src/Messaging.UI/Messaging.UI.csproj" />
  </Folder>
  <Project Path="src/Messaging.Client/Messaging.Client.csproj" />
  <Project Path="src/Messaging.Shared/Messaging.Shared.csproj" />
</Solution>
